
Microsoft Visual Studio Solution File, Format Version 12.00
# Visual Studio Version 16
VisualStudioVersion = 16.0.29728.190
MinimumVisualStudioVersion = 10.0.40219.1
Project("{FAE04EC0-301F-11D3-BF4B-00C04F79EFBC}") = "IGRACiKARIJERE", "IGRACiKARIJERE\IGRACiKARIJERE.csproj", "{5762D4F8-D29B-4215-B5D7-4F44AB65DC69}"
EndProject
Global
	GlobalSection(SolutionConfigurationPlatforms) = preSolution
		Debug|Any CPU = Debug|Any CPU
		Release|Any CPU = Release|Any CPU
	EndGlobalSection
	GlobalSection(ProjectConfigurationPlatforms) = postSolution
		{5762D4F8-D29B-4215-B5D7-4F44AB65DC69}.Debug|Any CPU.ActiveCfg = Debug|Any CPU
		{5762D4F8-D29B-4215-B5D7-4F44AB65DC69}.Debug|Any CPU.Build.0 = Debug|Any CPU
		{5762D4F8-D29B-4215-B5D7-4F44AB65DC69}.Release|Any CPU.ActiveCfg = Release|Any CPU
		{5762D4F8-D29B-4215-B5D7-4F44AB65DC69}.Release|Any CPU.Build.0 = Release|Any CPU
	EndGlobalSection
	GlobalSection(SolutionProperties) = preSolution
		HideSolutionNode = FALSE
	EndGlobalSection
	GlobalSection(ExtensibilityGlobals) = postSolution
		SolutionGuid = {978A6533-0403-4A46-AC63-5B0662515561}
	EndGlobalSection
EndGlobal
